
Microsoft Visual Studio Solution File, Format Version 12.00
# Visual Studio Version 17
VisualStudioVersion = 17.0.32014.148
MinimumVisualStudioVersion = 10.0.40219.1
Project("{FAE04EC0-301F-11D3-BF4B-00C04F79EFBC}") = "STF Exporter2022", "STF Exporter2017\STF Exporter2022.csproj", "{F6641C72-3836-4D52-B3F3-179181839A00}"
EndProject
Global
	GlobalSection(SolutionConfigurationPlatforms) = preSolution
		Debug|Any CPU = Debug|Any CPU
		Debug|x86 = Debug|x86
		Release|Any CPU = Release|Any CPU
		Release|x86 = Release|x86
	EndGlobalSection
	GlobalSection(ProjectConfigurationPlatforms) = postSolution
		{F6641C72-3836-4D52-B3F3-179181839A00}.Debug|Any CPU.ActiveCfg = Debug|Any CPU
		{F6641C72-3836-4D52-B3F3-179181839A00}.Debug|Any CPU.Build.0 = Debug|Any CPU
		{F6641C72-3836-4D52-B3F3-179181839A00}.Debug|x86.ActiveCfg = Debug|Any CPU
		{F6641C72-3836-4D52-B3F3-179181839A00}.Debug|x86.Build.0 = Debug|Any CPU
		{F6641C72-3836-4D52-B3F3-179181839A00}.Release|Any CPU.ActiveCfg = Release|Any CPU
		{F6641C72-3836-4D52-B3F3-179181839A00}.Release|Any CPU.Build.0 = Release|Any CPU
		{F6641C72-3836-4D52-B3F3-179181839A00}.Release|x86.ActiveCfg = Release|Any CPU
		{F6641C72-3836-4D52-B3F3-179181839A00}.Release|x86.Build.0 = Release|Any CPU
	EndGlobalSection
	GlobalSection(SolutionProperties) = preSolution
		HideSolutionNode = FALSE
	EndGlobalSection
	GlobalSection(ExtensibilityGlobals) = postSolution
		SolutionGuid = {B814AF1B-17D2-461E-95AD-F318A9ED1A21}
	EndGlobalSection
EndGlobal
